
Microsoft Visual Studio Solution File, Format Version 12.00
# Visual Studio Version 16
VisualStudioVersion = 16.0.29519.87
MinimumVisualStudioVersion = 10.0.40219.1
Project("{FAE04EC0-301F-11D3-BF4B-00C04F79EFBC}") = "GTOS", "GTOS.csproj", "{BB8A017A-D23C-414E-931E-0E39E270BBDC}"
EndProject
Global
	GlobalSection(SolutionConfigurationPlatforms) = preSolution
		Debug|Any CPU = Debug|Any CPU
		Release|Any CPU = Release|Any CPU
	EndGlobalSection
	GlobalSection(ProjectConfigurationPlatforms) = postSolution
		{BB8A017A-D23C-414E-931E-0E39E270BBDC}.Debug|Any CPU.ActiveCfg = Debug|Any CPU
		{BB8A017A-D23C-414E-931E-0E39E270BBDC}.Debug|Any CPU.Build.0 = Debug|Any CPU
		{BB8A017A-D23C-414E-931E-0E39E270BBDC}.Release|Any CPU.ActiveCfg = Release|Any CPU
		{BB8A017A-D23C-414E-931E-0E39E270BBDC}.Release|Any CPU.Build.0 = Release|Any CPU
	EndGlobalSection
	GlobalSection(SolutionProperties) = preSolution
		HideSolutionNode = FALSE
	EndGlobalSection
	GlobalSection(ExtensibilityGlobals) = postSolution
		SolutionGuid = {BA8DFA3F-8165-4C4F-AAE7-282B832D3924}
	EndGlobalSection
EndGlobal
